
Microsoft Visual Studio Solution File, Format Version 12.00
# Visual Studio 15
VisualStudioVersion = 15.0.27428.2015
MinimumVisualStudioVersion = 10.0.40219.1
Project("{FAE04EC0-301F-11D3-BF4B-00C04F79EFBC}") = "WMSBLL", "WMSBLL\WMSBLL.csproj", "{2B23AA76-CCC1-4CA4-9FD0-45866DAC7609}"
EndProject
Project("{FAE04EC0-301F-11D3-BF4B-00C04F79EFBC}") = "DataAccess", "DataAccess\DataAccess.csproj", "{5CF4DC65-4D04-45F5-91CD-FBF042A97870}"
EndProject
Project("{E24C65DC-7377-472B-9ABA-BC803B73C61A}") = "WMSSITE", "WMSSITE\", "{B2C41F67-3DCF-45FD-B95B-91A4C3177B3B}"
	ProjectSection(WebsiteProperties) = preProject
		SccProjectName = ""
		SccAuxPath = ""
		SccLocalPath = ""
		SccProvider = ""
		TargetFrameworkMoniker = ".NETFramework,Version%3Dv4.0"
		ProjectReferences = "{2B23AA76-CCC1-4CA4-9FD0-45866DAC7609}|WMSBLL.dll;{5CF4DC65-4D04-45F5-91CD-FBF042A97870}|DataAccess.dll;"
		Debug.AspNetCompiler.VirtualPath = "/WMSSITE"
		Debug.AspNetCompiler.PhysicalPath = "WMSSITE\"
		Debug.AspNetCompiler.TargetPath = "PrecompiledWeb\WMSSITE\"
		Debug.AspNetCompiler.Updateable = "true"
		Debug.AspNetCompiler.ForceOverwrite = "true"
		Debug.AspNetCompiler.FixedNames = "false"
		Debug.AspNetCompiler.Debug = "True"
		Release.AspNetCompiler.VirtualPath = "/WMSSITE"
		Release.AspNetCompiler.PhysicalPath = "WMSSITE\"
		Release.AspNetCompiler.TargetPath = "PrecompiledWeb\WMSSITE\"
		Release.AspNetCompiler.Updateable = "true"
		Release.AspNetCompiler.ForceOverwrite = "true"
		Release.AspNetCompiler.FixedNames = "false"
		Release.AspNetCompiler.Debug = "False"
		VWDPort = "1145"
		SlnRelativePath = "WMSSITE\"
	EndProjectSection
EndProject
Project("{E24C65DC-7377-472B-9ABA-BC803B73C61A}") = "DeleteFile", "DeleteFile\", "{0519368B-47DD-4798-B09A-505B7BA786EE}"
	ProjectSection(WebsiteProperties) = preProject
		SccProjectName = ""
		SccAuxPath = ""
		SccLocalPath = ""
		SccProvider = ""
		TargetFrameworkMoniker = ".NETFramework,Version%3Dv2.0"
		Debug.AspNetCompiler.VirtualPath = "/DeleteFile"
		Debug.AspNetCompiler.PhysicalPath = "DeleteFile\"
		Debug.AspNetCompiler.TargetPath = "PrecompiledWeb\DeleteFile\"
		Debug.AspNetCompiler.Updateable = "true"
		Debug.AspNetCompiler.ForceOverwrite = "true"
		Debug.AspNetCompiler.FixedNames = "false"
		Debug.AspNetCompiler.Debug = "True"
		Release.AspNetCompiler.VirtualPath = "/DeleteFile"
		Release.AspNetCompiler.PhysicalPath = "DeleteFile\"
		Release.AspNetCompiler.TargetPath = "PrecompiledWeb\DeleteFile\"
		Release.AspNetCompiler.Updateable = "true"
		Release.AspNetCompiler.ForceOverwrite = "true"
		Release.AspNetCompiler.FixedNames = "false"
		Release.AspNetCompiler.Debug = "False"
		VWDPort = "1147"
		SlnRelativePath = "DeleteFile\"
		DefaultWebSiteLanguage = "Visual C#"
	EndProjectSection
EndProject
Global
	GlobalSection(SolutionConfigurationPlatforms) = preSolution
		Debug|.NET = Debug|.NET
		Debug|Any CPU = Debug|Any CPU
		Debug|Mixed Platforms = Debug|Mixed Platforms
		DebugLocal|.NET = DebugLocal|.NET
		DebugLocal|Any CPU = DebugLocal|Any CPU
		DebugLocal|Mixed Platforms = DebugLocal|Mixed Platforms
		Production|.NET = Production|.NET
		Production|Any CPU = Production|Any CPU
		Production|Mixed Platforms = Production|Mixed Platforms
		Release|.NET = Release|.NET
		Release|Any CPU = Release|Any CPU
		Release|Mixed Platforms = Release|Mixed Platforms
	EndGlobalSection
	GlobalSection(ProjectConfigurationPlatforms) = postSolution
		{2B23AA76-CCC1-4CA4-9FD0-45866DAC7609}.Debug|.NET.ActiveCfg = Debug|Any CPU
		{2B23AA76-CCC1-4CA4-9FD0-45866DAC7609}.Debug|Any CPU.ActiveCfg = Debug|Any CPU
		{2B23AA76-CCC1-4CA4-9FD0-45866DAC7609}.Debug|Any CPU.Build.0 = Debug|Any CPU
		{2B23AA76-CCC1-4CA4-9FD0-45866DAC7609}.Debug|Mixed Platforms.ActiveCfg = Debug|Any CPU
		{2B23AA76-CCC1-4CA4-9FD0-45866DAC7609}.Debug|Mixed Platforms.Build.0 = Debug|Any CPU
		{2B23AA76-CCC1-4CA4-9FD0-45866DAC7609}.DebugLocal|.NET.ActiveCfg = Debug|Any CPU
		{2B23AA76-CCC1-4CA4-9FD0-45866DAC7609}.DebugLocal|Any CPU.ActiveCfg = Debug|Any CPU
		{2B23AA76-CCC1-4CA4-9FD0-45866DAC7609}.DebugLocal|Any CPU.Build.0 = Debug|Any CPU
		{2B23AA76-CCC1-4CA4-9FD0-45866DAC7609}.DebugLocal|Mixed Platforms.ActiveCfg = Debug|Any CPU
		{2B23AA76-CCC1-4CA4-9FD0-45866DAC7609}.DebugLocal|Mixed Platforms.Build.0 = Debug|Any CPU
		{2B23AA76-CCC1-4CA4-9FD0-45866DAC7609}.Production|.NET.ActiveCfg = Release|Any CPU
		{2B23AA76-CCC1-4CA4-9FD0-45866DAC7609}.Production|Any CPU.ActiveCfg = Release|Any CPU
		{2B23AA76-CCC1-4CA4-9FD0-45866DAC7609}.Production|Any CPU.Build.0 = Release|Any CPU
		{2B23AA76-CCC1-4CA4-9FD0-45866DAC7609}.Production|Mixed Platforms.ActiveCfg = Release|Any CPU
		{2B23AA76-CCC1-4CA4-9FD0-45866DAC7609}.Production|Mixed Platforms.Build.0 = Release|Any CPU
		{2B23AA76-CCC1-4CA4-9FD0-45866DAC7609}.Release|.NET.ActiveCfg = Release|Any CPU
		{2B23AA76-CCC1-4CA4-9FD0-45866DAC7609}.Release|Any CPU.ActiveCfg = Release|Any CPU
		{2B23AA76-CCC1-4CA4-9FD0-45866DAC7609}.Release|Any CPU.Build.0 = Release|Any CPU
		{2B23AA76-CCC1-4CA4-9FD0-45866DAC7609}.Release|Mixed Platforms.ActiveCfg = Release|Any CPU
		{2B23AA76-CCC1-4CA4-9FD0-45866DAC7609}.Release|Mixed Platforms.Build.0 = Release|Any CPU
		{5CF4DC65-4D04-45F5-91CD-FBF042A97870}.Debug|.NET.ActiveCfg = Debug|Any CPU
		{5CF4DC65-4D04-45F5-91CD-FBF042A97870}.Debug|Any CPU.ActiveCfg = Debug|Any CPU
		{5CF4DC65-4D04-45F5-91CD-FBF042A97870}.Debug|Any CPU.Build.0 = Debug|Any CPU
		{5CF4DC65-4D04-45F5-91CD-FBF042A97870}.Debug|Mixed Platforms.ActiveCfg = Debug|Any CPU
		{5CF4DC65-4D04-45F5-91CD-FBF042A97870}.Debug|Mixed Platforms.Build.0 = Debug|Any CPU
		{5CF4DC65-4D04-45F5-91CD-FBF042A97870}.DebugLocal|.NET.ActiveCfg = Debug|Any CPU
		{5CF4DC65-4D04-45F5-91CD-FBF042A97870}.DebugLocal|Any CPU.ActiveCfg = Debug|Any CPU
		{5CF4DC65-4D04-45F5-91CD-FBF042A97870}.DebugLocal|Any CPU.Build.0 = Debug|Any CPU
		{5CF4DC65-4D04-45F5-91CD-FBF042A97870}.DebugLocal|Mixed Platforms.ActiveCfg = Debug|Any CPU
		{5CF4DC65-4D04-45F5-91CD-FBF042A97870}.DebugLocal|Mixed Platforms.Build.0 = Debug|Any CPU
		{5CF4DC65-4D04-45F5-91CD-FBF042A97870}.Production|.NET.ActiveCfg = Release|Any CPU
		{5CF4DC65-4D04-45F5-91CD-FBF042A97870}.Production|Any CPU.ActiveCfg = Release|Any CPU
		{5CF4DC65-4D04-45F5-91CD-FBF042A97870}.Production|Any CPU.Build.0 = Release|Any CPU
		{5CF4DC65-4D04-45F5-91CD-FBF042A97870}.Production|Mixed Platforms.ActiveCfg = Release|Any CPU
		{5CF4DC65-4D04-45F5-91CD-FBF042A97870}.Production|Mixed Platforms.Build.0 = Release|Any CPU
		{5CF4DC65-4D04-45F5-91CD-FBF042A97870}.Release|.NET.ActiveCfg = Release|Any CPU
		{5CF4DC65-4D04-45F5-91CD-FBF042A97870}.Release|Any CPU.ActiveCfg = Release|Any CPU
		{5CF4DC65-4D04-45F5-91CD-FBF042A97870}.Release|Any CPU.Build.0 = Release|Any CPU
		{5CF4DC65-4D04-45F5-91CD-FBF042A97870}.Release|Mixed Platforms.ActiveCfg = Release|Any CPU
		{5CF4DC65-4D04-45F5-91CD-FBF042A97870}.Release|Mixed Platforms.Build.0 = Release|Any CPU
		{B2C41F67-3DCF-45FD-B95B-91A4C3177B3B}.Debug|.NET.ActiveCfg = Debug|Any CPU
		{B2C41F67-3DCF-45FD-B95B-91A4C3177B3B}.Debug|.NET.Build.0 = Debug|Any CPU
		{B2C41F67-3DCF-45FD-B95B-91A4C3177B3B}.Debug|Any CPU.ActiveCfg = Debug|Any CPU
		{B2C41F67-3DCF-45FD-B95B-91A4C3177B3B}.Debug|Any CPU.Build.0 = Debug|Any CPU
		{B2C41F67-3DCF-45FD-B95B-91A4C3177B3B}.Debug|Mixed Platforms.ActiveCfg = Debug|Any CPU
		{B2C41F67-3DCF-45FD-B95B-91A4C3177B3B}.Debug|Mixed Platforms.Build.0 = Debug|Any CPU
		{B2C41F67-3DCF-45FD-B95B-91A4C3177B3B}.DebugLocal|.NET.ActiveCfg = Debug|Any CPU
		{B2C41F67-3DCF-45FD-B95B-91A4C3177B3B}.DebugLocal|.NET.Build.0 = Debug|Any CPU
		{B2C41F67-3DCF-45FD-B95B-91A4C3177B3B}.DebugLocal|Any CPU.ActiveCfg = Debug|Any CPU
		{B2C41F67-3DCF-45FD-B95B-91A4C3177B3B}.DebugLocal|Any CPU.Build.0 = Debug|Any CPU
		{B2C41F67-3DCF-45FD-B95B-91A4C3177B3B}.DebugLocal|Mixed Platforms.ActiveCfg = Debug|Any CPU
		{B2C41F67-3DCF-45FD-B95B-91A4C3177B3B}.DebugLocal|Mixed Platforms.Build.0 = Debug|Any CPU
		{B2C41F67-3DCF-45FD-B95B-91A4C3177B3B}.Production|.NET.ActiveCfg = Debug|Any CPU
		{B2C41F67-3DCF-45FD-B95B-91A4C3177B3B}.Production|.NET.Build.0 = Debug|Any CPU
		{B2C41F67-3DCF-45FD-B95B-91A4C3177B3B}.Production|Any CPU.ActiveCfg = Debug|Any CPU
		{B2C41F67-3DCF-45FD-B95B-91A4C3177B3B}.Production|Any CPU.Build.0 = Debug|Any CPU
		{B2C41F67-3DCF-45FD-B95B-91A4C3177B3B}.Production|Mixed Platforms.ActiveCfg = Debug|Any CPU
		{B2C41F67-3DCF-45FD-B95B-91A4C3177B3B}.Production|Mixed Platforms.Build.0 = Debug|Any CPU
		{B2C41F67-3DCF-45FD-B95B-91A4C3177B3B}.Release|.NET.ActiveCfg = Debug|Any CPU
		{B2C41F67-3DCF-45FD-B95B-91A4C3177B3B}.Release|.NET.Build.0 = Debug|Any CPU
		{B2C41F67-3DCF-45FD-B95B-91A4C3177B3B}.Release|Any CPU.ActiveCfg = Debug|Any CPU
		{B2C41F67-3DCF-45FD-B95B-91A4C3177B3B}.Release|Any CPU.Build.0 = Debug|Any CPU
		{B2C41F67-3DCF-45FD-B95B-91A4C3177B3B}.Release|Mixed Platforms.ActiveCfg = Debug|Any CPU
		{B2C41F67-3DCF-45FD-B95B-91A4C3177B3B}.Release|Mixed Platforms.Build.0 = Debug|Any CPU
		{0519368B-47DD-4798-B09A-505B7BA786EE}.Debug|.NET.ActiveCfg = Debug|Any CPU
		{0519368B-47DD-4798-B09A-505B7BA786EE}.Debug|.NET.Build.0 = Debug|Any CPU
		{0519368B-47DD-4798-B09A-505B7BA786EE}.Debug|Any CPU.ActiveCfg = Debug|Any CPU
		{0519368B-47DD-4798-B09A-505B7BA786EE}.Debug|Any CPU.Build.0 = Debug|Any CPU
		{0519368B-47DD-4798-B09A-505B7BA786EE}.Debug|Mixed Platforms.ActiveCfg = Debug|Any CPU
		{0519368B-47DD-4798-B09A-505B7BA786EE}.Debug|Mixed Platforms.Build.0 = Debug|Any CPU
		{0519368B-47DD-4798-B09A-505B7BA786EE}.DebugLocal|.NET.ActiveCfg = Debug|Any CPU
		{0519368B-47DD-4798-B09A-505B7BA786EE}.DebugLocal|.NET.Build.0 = Debug|Any CPU
		{0519368B-47DD-4798-B09A-505B7BA786EE}.DebugLocal|Any CPU.ActiveCfg = Debug|Any CPU
		{0519368B-47DD-4798-B09A-505B7BA786EE}.DebugLocal|Any CPU.Build.0 = Debug|Any CPU
		{0519368B-47DD-4798-B09A-505B7BA786EE}.DebugLocal|Mixed Platforms.ActiveCfg = Debug|Any CPU
		{0519368B-47DD-4798-B09A-505B7BA786EE}.DebugLocal|Mixed Platforms.Build.0 = Debug|Any CPU
		{0519368B-47DD-4798-B09A-505B7BA786EE}.Production|.NET.ActiveCfg = Debug|Any CPU
		{0519368B-47DD-4798-B09A-505B7BA786EE}.Production|.NET.Build.0 = Debug|Any CPU
		{0519368B-47DD-4798-B09A-505B7BA786EE}.Production|Any CPU.ActiveCfg = Debug|Any CPU
		{0519368B-47DD-4798-B09A-505B7BA786EE}.Production|Any CPU.Build.0 = Debug|Any CPU
		{0519368B-47DD-4798-B09A-505B7BA786EE}.Production|Mixed Platforms.ActiveCfg = Debug|Any CPU
		{0519368B-47DD-4798-B09A-505B7BA786EE}.Production|Mixed Platforms.Build.0 = Debug|Any CPU
		{0519368B-47DD-4798-B09A-505B7BA786EE}.Release|.NET.ActiveCfg = Debug|Any CPU
		{0519368B-47DD-4798-B09A-505B7BA786EE}.Release|.NET.Build.0 = Debug|Any CPU
		{0519368B-47DD-4798-B09A-505B7BA786EE}.Release|Any CPU.ActiveCfg = Debug|Any CPU
		{0519368B-47DD-4798-B09A-505B7BA786EE}.Release|Any CPU.Build.0 = Debug|Any CPU
		{0519368B-47DD-4798-B09A-505B7BA786EE}.Release|Mixed Platforms.ActiveCfg = Debug|Any CPU
		{0519368B-47DD-4798-B09A-505B7BA786EE}.Release|Mixed Platforms.Build.0 = Debug|Any CPU
	EndGlobalSection
	GlobalSection(SolutionProperties) = preSolution
		HideSolutionNode = FALSE
	EndGlobalSection
	GlobalSection(ExtensibilityGlobals) = postSolution
		SolutionGuid = {4B128228-1402-4287-94D2-BD52CE2C799C}
	EndGlobalSection
EndGlobal
